
Microsoft Visual Studio Solution File, Format Version 12.00
# Visual Studio Version 16
VisualStudioVersion = 16.0.31129.286
MinimumVisualStudioVersion = 10.0.40219.1
Project("{8BC9CEB8-8B4A-11D0-8D11-00A0C91BC942}") = "Programing", "Programing\Programing.vcxproj", "{FF36CA05-55AA-4C27-8369-B1FF0FED0BCF}"
EndProject
Global
	GlobalSection(SolutionConfigurationPlatforms) = preSolution
		Debug|x64 = Debug|x64
		Debug|x86 = Debug|x86
		Release|x64 = Release|x64
		Release|x86 = Release|x86
	EndGlobalSection
	GlobalSection(ProjectConfigurationPlatforms) = postSolution
		{FF36CA05-55AA-4C27-8369-B1FF0FED0BCF}.Debug|x64.ActiveCfg = Debug|x64
		{FF36CA05-55AA-4C27-8369-B1FF0FED0BCF}.Debug|x64.Build.0 = Debug|x64
		{FF36CA05-55AA-4C27-8369-B1FF0FED0BCF}.Debug|x86.ActiveCfg = Debug|Win32
		{FF36CA05-55AA-4C27-8369-B1FF0FED0BCF}.Debug|x86.Build.0 = Debug|Win32
		{FF36CA05-55AA-4C27-8369-B1FF0FED0BCF}.Release|x64.ActiveCfg = Release|x64
		{FF36CA05-55AA-4C27-8369-B1FF0FED0BCF}.Release|x64.Build.0 = Release|x64
		{FF36CA05-55AA-4C27-8369-B1FF0FED0BCF}.Release|x86.ActiveCfg = Release|Win32
		{FF36CA05-55AA-4C27-8369-B1FF0FED0BCF}.Release|x86.Build.0 = Release|Win32
	EndGlobalSection
	GlobalSection(SolutionProperties) = preSolution
		HideSolutionNode = FALSE
	EndGlobalSection
	GlobalSection(ExtensibilityGlobals) = postSolution
		SolutionGuid = {DB80681E-0401-41D9-94B6-60A4C891016E}
	EndGlobalSection
EndGlobal
